
Microsoft Visual Studio Solution File, Format Version 12.00
# Visual Studio Version 17
VisualStudioVersion = 17.9.34714.143
MinimumVisualStudioVersion = 10.0.40219.1
Project("{FAE04EC0-301F-11D3-BF4B-00C04F79EFBC}") = "MathPracticeApp", "MathPracticeApp.csproj", "{D24C7893-3F3E-44B0-95F4-733E635599CE}"
EndProject
Global
	GlobalSection(SolutionConfigurationPlatforms) = preSolution
		Debug|Any CPU = Debug|Any CPU
		Release|Any CPU = Release|Any CPU
	EndGlobalSection
	GlobalSection(ProjectConfigurationPlatforms) = postSolution
		{D24C7893-3F3E-44B0-95F4-733E635599CE}.Debug|Any CPU.ActiveCfg = Debug|Any CPU
		{D24C7893-3F3E-44B0-95F4-733E635599CE}.Debug|Any CPU.Build.0 = Debug|Any CPU
		{D24C7893-3F3E-44B0-95F4-733E635599CE}.Release|Any CPU.ActiveCfg = Release|Any CPU
		{D24C7893-3F3E-44B0-95F4-733E635599CE}.Release|Any CPU.Build.0 = Release|Any CPU
	EndGlobalSection
	GlobalSection(SolutionProperties) = preSolution
		HideSolutionNode = FALSE
	EndGlobalSection
	GlobalSection(ExtensibilityGlobals) = postSolution
		SolutionGuid = {D40F8118-EF3F-4FED-B61B-D708B1D7310D}
	EndGlobalSection
EndGlobal
